{
  "name": "@hazae41/rewind",
  "version": "1.0.18",
  "lockfileVersion": 3,
  "requires": true,
  "packages": {
    "": {
      "name": "@hazae41/rewind",
      "version": "1.0.18",
      "dependencies": {
        "tailwindcss": "^4.1.13"
      },
      "devDependencies": {
        "@hazae41/tscousin": "^1.0.4"
      }
    },
    "node_modules/@hazae41/tscousin": {
      "version": "1.0.4",
      "resolved": "https://registry.npmjs.org/@hazae41/tscousin/-/tscousin-1.0.4.tgz",
      "integrity": "sha512-oExxkhO1MTrXjobeHWG5e33zyG0qlS9EERavtzLmc58mQ5onq2iAhwbGsf/JDNaPrA+G73yQTCg33caBuNFWfg==",
      "dev": true,
      "bin": {
        "tscousin": "out/bin.js"
      }
    },
    "node_modules/tailwindcss": {
      "version": "4.1.13",
      "resolved": "https://registry.npmjs.org/tailwindcss/-/tailwindcss-4.1.13.tgz",
      "integrity": "sha512-i+zidfmTqtwquj4hMEwdjshYYgMbOrPzb9a0M3ZgNa0JMoZeFC6bxZvO8yr8ozS6ix2SDz0+mvryPeBs2TFE+w==",
      "license": "MIT"
    }
  }
}
